hash: cf5e6fcff2d4dd6d73bb9ab2c8c80a5e3cef045d2e7e0e2bc5bc80094b6ccbee
updated: 2018-12-05T02:54:30.322507+07:00
imports:
- name: cloud.google.com/go
  version: 29f476ffa9c4cd4fd14336b6043090ac1ad76733
- name: github.com/armon/go-metrics
  version: f0300d1749da6fa982027e449ec0c7a145510c3c
- name: github.com/boltdb/bolt
  version: 2f1ce7a837dcb8da3ec595b1dac9d0632f0f99e8
- name: github.com/dimfeld/httppath
  version: ee938bf735983d53694d79138ad9820efff94c92
- name: github.com/dimfeld/httptreemux
  version: 0ffa82afd135e2aafd48602dc46843cb86304f7d
- name: github.com/go-stack/stack
  version: 2fee6af1a9795aafbe0253a0cfbdf668e1fb8a9a
- name: github.com/goadesign/goa
  version: fc29b77a218fb9e190849c81911ed12d25e771de
  subpackages:
  - client
  - cors
  - design
  - design/apidsl
  - dslengine
  - goatest
  - logging/log15
  - middleware
  - uuid
- name: github.com/hashicorp/go-immutable-radix
  version: 27df80928bb34bb1b0d6d0e01b9e679902e7a6b5
- name: github.com/hashicorp/golang-lru
  version: 20f1fb78b0740ba8c3cb143a61e86ba5c8669768
  subpackages:
  - simplelru
- name: github.com/inconshreveable/log15
  version: 0decfc6c20d9ca0ad143b0e89dcaa20f810b4fb3
- name: github.com/manveru/faker
  version: 9fbc68a78c4dbc7914e1a23f88f126bea4383b97
- name: github.com/mattn/go-colorable
  version: efa589957cd060542a26d2dd7832fd6a6c6c3ade
- name: github.com/mattn/go-isatty
  version: 3fb116b820352b7f0c281308a4d6250c22d94e27
- name: github.com/satori/go.uuid
  version: 36e9d2ebbde5e3f13ab2e25625fd453271d6522e
- name: github.com/sirupsen/logrus
  version: c155da19408a8799da419ed3eeb0cb5db0ad5dbc
- name: github.com/tylerb/graceful
  version: 4654dfbb6ad53cb5e27f37d99b02e16c1872fbbb
- name: github.com/urfave/cli
  version: cfb38830724cc34fedffe9a2a29fb54fa9169cd1
- name: github.com/zach-klippenstein/goregen
  version: 795b5e3961ea1912fde60af417ad85e86acc0d6a
- name: golang.org/x/crypto
  version: 8b1d31080a7692e075c4681cb2458454a1fe0706
  subpackages:
  - ssh/terminal
- name: golang.org/x/net
  version: 640f4622ab692b87c2f3a94265e6f579fe38263d
  subpackages:
  - context
  - websocket
- name: golang.org/x/oauth2
  version: cdc340f7c179dbbfa4afd43b7614e8fcadde4269
- name: golang.org/x/sync
  version: 1d60e4601c6fd243af51cc01ddf169918a5407ca
- name: golang.org/x/sys
  version: 78d5f264b493f125018180c204871ecf58a2dce1
  subpackages:
  - unix
  - windows
testImports: []
